
Microsoft Visual Studio Solution File, Format Version 12.00
# Visual Studio 14
VisualStudioVersion = 14.0.23107.0
MinimumVisualStudioVersion = 10.0.40219.1
Project("{F2A71F9B-5D33-465A-A702-920D77279786}") = "SICPLearning", "SICPLearning\SICPLearning.fsproj", "{CA3321EF-10A6-4FFA-A72B-8CB9E1080071}"
EndProject
Global
	GlobalSection(SolutionConfigurationPlatforms) = preSolution
		Debug|Any CPU = Debug|Any CPU
		Release|Any CPU = Release|Any CPU
	EndGlobalSection
	GlobalSection(ProjectConfigurationPlatforms) = postSolution
		{CA3321EF-10A6-4FFA-A72B-8CB9E1080071}.Debug|Any CPU.ActiveCfg = Debug|Any CPU
		{CA3321EF-10A6-4FFA-A72B-8CB9E1080071}.Debug|Any CPU.Build.0 = Debug|Any CPU
		{CA3321EF-10A6-4FFA-A72B-8CB9E1080071}.Release|Any CPU.ActiveCfg = Release|Any CPU
		{CA3321EF-10A6-4FFA-A72B-8CB9E1080071}.Release|Any CPU.Build.0 = Release|Any CPU
	EndGlobalSection
	GlobalSection(SolutionProperties) = preSolution
		HideSolutionNode = FALSE
	EndGlobalSection
EndGlobal
